
Microsoft Visual Studio Solution File, Format Version 12.00
# Visual Studio Version 17
VisualStudioVersion = 17.6.33829.357
MinimumVisualStudioVersion = 10.0.40219.1
Project("{FAE04EC0-301F-11D3-BF4B-00C04F79EFBC}") = "QuizMaker.API", "QuizMaker.API\QuizMaker.API.csproj", "{7667B835-A8D1-4386-9143-15A536700AAA}"
EndProject
Project("{FAE04EC0-301F-11D3-BF4B-00C04F79EFBC}") = "QuizMaker.API.Tests", "QuizMaker.API.Tests\QuizMaker.API.Tests.csproj", "{152A9C7D-CCC0-439B-95D3-A26FD4DDF597}"
EndProject
Project("{FAE04EC0-301F-11D3-BF4B-00C04F79EFBC}") = "QuizMaker.Core", "QuizMaker.Core\QuizMaker.Core.csproj", "{CBF285C4-1455-4008-A24F-292995B5F28E}"
EndProject
Project("{FAE04EC0-301F-11D3-BF4B-00C04F79EFBC}") = "QuizMaker.Data", "QuizMaker.Data\QuizMaker.Data.csproj", "{7CEB9F0F-4927-4EAC-8ECD-4A2F9C1FDA61}"
EndProject
Project("{FAE04EC0-301F-11D3-BF4B-00C04F79EFBC}") = "QuizMaker.UseCases", "UseCases\QuizMaker.UseCases.csproj", "{8C974AAA-1BB8-4E49-9350-999558C92CAE}"
EndProject
Global
	GlobalSection(SolutionConfigurationPlatforms) = preSolution
		Debug|Any CPU = Debug|Any CPU
		Release|Any CPU = Release|Any CPU
	EndGlobalSection
	GlobalSection(ProjectConfigurationPlatforms) = postSolution
		{7667B835-A8D1-4386-9143-15A536700AAA}.Debug|Any CPU.ActiveCfg = Debug|Any CPU
		{7667B835-A8D1-4386-9143-15A536700AAA}.Debug|Any CPU.Build.0 = Debug|Any CPU
		{7667B835-A8D1-4386-9143-15A536700AAA}.Release|Any CPU.ActiveCfg = Release|Any CPU
		{7667B835-A8D1-4386-9143-15A536700AAA}.Release|Any CPU.Build.0 = Release|Any CPU
		{152A9C7D-CCC0-439B-95D3-A26FD4DDF597}.Debug|Any CPU.ActiveCfg = Debug|Any CPU
		{152A9C7D-CCC0-439B-95D3-A26FD4DDF597}.Debug|Any CPU.Build.0 = Debug|Any CPU
		{152A9C7D-CCC0-439B-95D3-A26FD4DDF597}.Release|Any CPU.ActiveCfg = Release|Any CPU
		{152A9C7D-CCC0-439B-95D3-A26FD4DDF597}.Release|Any CPU.Build.0 = Release|Any CPU
		{CBF285C4-1455-4008-A24F-292995B5F28E}.Debug|Any CPU.ActiveCfg = Debug|Any CPU
		{CBF285C4-1455-4008-A24F-292995B5F28E}.Debug|Any CPU.Build.0 = Debug|Any CPU
		{CBF285C4-1455-4008-A24F-292995B5F28E}.Release|Any CPU.ActiveCfg = Release|Any CPU
		{CBF285C4-1455-4008-A24F-292995B5F28E}.Release|Any CPU.Build.0 = Release|Any CPU
		{7CEB9F0F-4927-4EAC-8ECD-4A2F9C1FDA61}.Debug|Any CPU.ActiveCfg = Debug|Any CPU
		{7CEB9F0F-4927-4EAC-8ECD-4A2F9C1FDA61}.Debug|Any CPU.Build.0 = Debug|Any CPU
		{7CEB9F0F-4927-4EAC-8ECD-4A2F9C1FDA61}.Release|Any CPU.ActiveCfg = Release|Any CPU
		{7CEB9F0F-4927-4EAC-8ECD-4A2F9C1FDA61}.Release|Any CPU.Build.0 = Release|Any CPU
		{8C974AAA-1BB8-4E49-9350-999558C92CAE}.Debug|Any CPU.ActiveCfg = Debug|Any CPU
		{8C974AAA-1BB8-4E49-9350-999558C92CAE}.Debug|Any CPU.Build.0 = Debug|Any CPU
		{8C974AAA-1BB8-4E49-9350-999558C92CAE}.Release|Any CPU.ActiveCfg = Release|Any CPU
		{8C974AAA-1BB8-4E49-9350-999558C92CAE}.Release|Any CPU.Build.0 = Release|Any CPU
	EndGlobalSection
	GlobalSection(SolutionProperties) = preSolution
		HideSolutionNode = FALSE
	EndGlobalSection
	GlobalSection(ExtensibilityGlobals) = postSolution
		SolutionGuid = {3CEBBEBC-73D8-445E-8099-B68396F736CC}
	EndGlobalSection
EndGlobal
